
Microsoft Visual Studio Solution File, Format Version 12.00
# Visual Studio 15
VisualStudioVersion = 15.0.28307.168
MinimumVisualStudioVersion = 10.0.40219.1
Project("{9A19103F-16F7-4668-BE54-9A1E7A4F7556}") = "Telematics.Simulator.Core", "Telematics.Simulator.Core\Telematics.Simulator.Core.csproj", "{001FA5F0-D087-46CC-94D8-B2F909B75AD4}"
EndProject
Project("{FAE04EC0-301F-11D3-BF4B-00C04F79EFBC}") = "Telematics.Simulator.ConsoleApp", "Telematics.Simulator.ConsoleApp\Telematics.Simulator.ConsoleApp.csproj", "{9A7C5A01-A8DC-4DB9-A5D1-CC1CDE8A6901}"
EndProject
Global
	GlobalSection(SolutionConfigurationPlatforms) = preSolution
		Debug|Any CPU = Debug|Any CPU
		Release|Any CPU = Release|Any CPU
	EndGlobalSection
	GlobalSection(ProjectConfigurationPlatforms) = postSolution
		{001FA5F0-D087-46CC-94D8-B2F909B75AD4}.Debug|Any CPU.ActiveCfg = Debug|Any CPU
		{001FA5F0-D087-46CC-94D8-B2F909B75AD4}.Debug|Any CPU.Build.0 = Debug|Any CPU
		{001FA5F0-D087-46CC-94D8-B2F909B75AD4}.Release|Any CPU.ActiveCfg = Release|Any CPU
		{001FA5F0-D087-46CC-94D8-B2F909B75AD4}.Release|Any CPU.Build.0 = Release|Any CPU
		{9A7C5A01-A8DC-4DB9-A5D1-CC1CDE8A6901}.Debug|Any CPU.ActiveCfg = Debug|Any CPU
		{9A7C5A01-A8DC-4DB9-A5D1-CC1CDE8A6901}.Debug|Any CPU.Build.0 = Debug|Any CPU
		{9A7C5A01-A8DC-4DB9-A5D1-CC1CDE8A6901}.Release|Any CPU.ActiveCfg = Release|Any CPU
		{9A7C5A01-A8DC-4DB9-A5D1-CC1CDE8A6901}.Release|Any CPU.Build.0 = Release|Any CPU
	EndGlobalSection
	GlobalSection(SolutionProperties) = preSolution
		HideSolutionNode = FALSE
	EndGlobalSection
	GlobalSection(ExtensibilityGlobals) = postSolution
		SolutionGuid = {1C21E0BD-DB1B-40E3-8879-09E3DB6E256D}
	EndGlobalSection
EndGlobal
